<?xml version="1.0" encoding="utf-8"?>
<Project ToolsVersion="4.0" xmlns="http://schemas.microsoft.com/developer/msbuild/2003">
  <ItemGroup>
    <Filter Include="Header Files">
      <UniqueIdentifier>{93995380-89BD-4b04-88EB-625FBE52EBFB}</UniqueIdentifier>
      <Extensions>h;hh;hpp;hxx;hm;inl;inc;ipp;xsd</Extensions>
    </Filter>
    <Filter Include="Resource Files">
      <UniqueIdentifier>{67DA6AB6-F800-4c08-8B7A-83BB121AAD01}</UniqueIdentifier>
      <Extensions>rc;ico;cur;bmp;dlg;rc2;rct;bin;rgs;gif;jpg;jpeg;jpe;resx;tiff;tif;png;wav;mfcribbon-ms</Extensions>
    </Filter>
    <Filter Include="Header Files\App">
      <UniqueIdentifier>{9e358b82-bdd5-4d06-b0dd-4a0c6a485398}</UniqueIdentifier>
    </Filter>
    <Filter Include="Header Files\App\Input">
      <UniqueIdentifier>{5ab7d4fa-8ac8-41b8-87d6-0c77bf570371}</UniqueIdentifier>
    </Filter>
    <Filter Include="Header Files\App\Components">
      <UniqueIdentifier>{bc433417-1f02-46f4-9e9b-f7dbef2bb0e0}</UniqueIdentifier>
    </Filter>
    <Filter Include="Header Files\App\Exceptions">
      <UniqueIdentifier>{322286de-f74c-4215-b958-2a299bf9a098}</UniqueIdentifier>
    </Filter>
    <Filter Include="Header Files\App\Window">
      <UniqueIdentifier>{4551098f-b797-4054-9add-9946e7b5a159}</UniqueIdentifier>
    </Filter>
    <Filter Include="Resource Files\Source Files">
      <UniqueIdentifier>{4FC737F1-C7A5-4376-A066-2A32D752A2FF}</UniqueIdentifier>
      <Extensions>cpp;c;cc;cxx;def;odl;idl;hpj;bat;asm;asmx</Extensions>
    </Filter>
    <Filter Include="Resource Files\Source Files\App">
      <UniqueIdentifier>{22b7d1c9-d4df-462d-b96b-b5de432b9e10}</UniqueIdentifier>
    </Filter>
    <Filter Include="Resource Files\Source Files\App\Input">
      <UniqueIdentifier>{9ed01928-6c04-4daa-ae09-52266185aadd}</UniqueIdentifier>
    </Filter>
    <Filter Include="Resource Files\Source Files\App\Components">
      <UniqueIdentifier>{fa1f9c37-6afa-4389-9637-db0242d1ed46}</UniqueIdentifier>
    </Filter>
    <Filter Include="Resource Files\Source Files\App\Exceptions">
      <UniqueIdentifier>{98e9ea4d-2a58-44db-981c-0d0901e3cca9}</UniqueIdentifier>
    </Filter>
    <Filter Include="Resource Files\Source Files\App\Window">
      <UniqueIdentifier>{d44fb724-c475-4ec4-a359-d53ede3b6f4a}</UniqueIdentifier>
    </Filter>
    <Filter Include="Resource Files\Source Files\Assets">
      <UniqueIdentifier>{474558f0-f7f3-4caf-8557-9622111a06c1}</UniqueIdentifier>
    </Filter>
    <Filter Include="Resource Files\Source Files\Assets\Shaders">
      <UniqueIdentifier>{1b095739-e724-43fe-af07-dc60aa986b9d}</UniqueIdentifier>
    </Filter>
  </ItemGroup>
  <ItemGroup>
    <ClCompile Include="Shroom.h">
      <Filter>Header Files</Filter>
    </ClCompile>
    <ClCompile Include="Keyboard.cpp">
      <Filter>Resource Files\Source Files\App\Input</Filter>
    </ClCompile>
    <ClCompile Include="Mouse.cpp">
      <Filter>Resource Files\Source Files\App\Input</Filter>
    </ClCompile>
    <ClCompile Include="ShroomException.cpp">
      <Filter>Resource Files\Source Files\App\Exceptions</Filter>
    </ClCompile>
    <ClCompile Include="ShroomExceptionHandler.cpp">
      <Filter>Resource Files\Source Files\App\Exceptions</Filter>
    </ClCompile>
    <ClCompile Include="ShroomWindowException.cpp">
      <Filter>Resource Files\Source Files\App\Exceptions</Filter>
    </ClCompile>
    <ClCompile Include="ShroomWin.cpp">
      <Filter>Resource Files\Source Files</Filter>
    </ClCompile>
    <ClCompile Include="App.cpp">
      <Filter>Resource Files\Source Files\App</Filter>
    </ClCompile>
    <ClCompile Include="ShroomTimer.cpp">
      <Filter>Resource Files\Source Files\App\Components</Filter>
    </ClCompile>
    <ClCompile Include="..\ShroomArcane3D\ShroomArcaneGraphics.cpp">
      <Filter>Resource Files\Source Files</Filter>
    </ClCompile>
    <ClCompile Include="ShroomWindow.cpp">
      <Filter>Resource Files\Source Files\App\Window</Filter>
    </ClCompile>
    <ClCompile Include="ShroomWindowHandleProcs.cpp">
      <Filter>Resource Files\Source Files\App\Window</Filter>
    </ClCompile>
    <ClCompile Include="..\ShroomArcane3D\Box.cpp">
      <Filter>Resource Files\Source Files</Filter>
    </ClCompile>
  </ItemGroup>
  <ItemGroup>
    <ClInclude Include="resource.h">
      <Filter>Header Files</Filter>
    </ClInclude>
    <ClInclude Include="Keyboard.h">
      <Filter>Header Files\App\Input</Filter>
    </ClInclude>
    <ClInclude Include="Mouse.h">
      <Filter>Header Files\App\Input</Filter>
    </ClInclude>
    <ClInclude Include="ShroomExceptionHandler.h">
      <Filter>Header Files\App\Exceptions</Filter>
    </ClInclude>
    <ClInclude Include="ShroomException.h">
      <Filter>Header Files\App\Exceptions</Filter>
    </ClInclude>
    <ClInclude Include="Input.h">
      <Filter>Header Files\App\Input</Filter>
    </ClInclude>
    <ClInclude Include="App.h">
      <Filter>Header Files\App</Filter>
    </ClInclude>
    <ClInclude Include="ShroomTimer.h">
      <Filter>Header Files\App\Components</Filter>
    </ClInclude>
    <ClInclude Include="ShroomWindow.h">
      <Filter>Header Files\App\Window</Filter>
    </ClInclude>
    <ClInclude Include="ShroomThrowMacros.h">
      <Filter>Header Files\App\Exceptions</Filter>
    </ClInclude>
  </ItemGroup>
  <ItemGroup>
    <Image Include="..\..\..\..\Downloads\icon.ico">
      <Filter>Resource Files</Filter>
    </Image>
    <Image Include="..\..\..\..\Downloads\shroom.ico">
      <Filter>Resource Files</Filter>
    </Image>
    <Image Include="..\..\..\..\Downloads\kisspng_mushroom_cartoon_snacks_5acaa7e9d23ae5_2640844415232306978611_Ovl_icon.ico">
      <Filter>Resource Files</Filter>
    </Image>
  </ItemGroup>
  <ItemGroup>
    <ResourceCompile Include="HW3D.rc">
      <Filter>Resource Files</Filter>
    </ResourceCompile>
  </ItemGroup>
  <ItemGroup>
    <FxCompile Include="VertexShader.hlsl">
      <Filter>Resource Files\Source Files\Assets\Shaders</Filter>
    </FxCompile>
    <FxCompile Include="PixelShader.hlsl">
      <Filter>Resource Files\Source Files\Assets\Shaders</Filter>
    </FxCompile>
  </ItemGroup>
</Project>