<?xml version="1.0" encoding="utf-8"?>
<Project ToolsVersion="4.0" xmlns="http://schemas.microsoft.com/developer/msbuild/2003">
  <ItemGroup>
    <Filter Include="Source Files">
      <UniqueIdentifier>{4FC737F1-C7A5-4376-A066-2A32D752A2FF}</UniqueIdentifier>
      <Extensions>cpp;c;cc;cxx;def;odl;idl;hpj;bat;asm;asmx</Extensions>
    </Filter>
    <Filter Include="Header Files">
      <UniqueIdentifier>{93995380-89BD-4b04-88EB-625FBE52EBFB}</UniqueIdentifier>
      <Extensions>h;hh;hpp;hxx;hm;inl;inc;ipp;xsd</Extensions>
    </Filter>
    <Filter Include="Resource Files">
      <UniqueIdentifier>{67DA6AB6-F800-4c08-8B7A-83BB121AAD01}</UniqueIdentifier>
      <Extensions>rc;ico;cur;bmp;dlg;rc2;rct;bin;rgs;gif;jpg;jpeg;jpe;resx;tiff;tif;png;wav;mfcribbon-ms</Extensions>
    </Filter>
    <Filter Include="Header Files\Components">
      <UniqueIdentifier>{058dde43-825c-4c9d-98ec-123f9a9394a9}</UniqueIdentifier>
    </Filter>
    <Filter Include="Header Files\Components\Structs">
      <UniqueIdentifier>{6e33f3ad-90c4-45ee-9948-082bcbdb1f1e}</UniqueIdentifier>
    </Filter>
    <Filter Include="Source Files\dxerr">
      <UniqueIdentifier>{e5dbfa4e-0329-47c5-8762-7f766963efc9}</UniqueIdentifier>
    </Filter>
    <Filter Include="Header Files\Exceptions">
      <UniqueIdentifier>{1efcc3c5-5d51-47d7-a67b-5314dd96ef86}</UniqueIdentifier>
    </Filter>
    <Filter Include="Source Files\Exceptions">
      <UniqueIdentifier>{39116f68-4b1f-4445-ab85-bac79606598d}</UniqueIdentifier>
    </Filter>
    <Filter Include="Source Files\Graphics">
      <UniqueIdentifier>{3fc6e051-49b3-427b-adb5-fe5c184856f3}</UniqueIdentifier>
    </Filter>
    <Filter Include="Header Files\Exceptions\DX_ERR">
      <UniqueIdentifier>{538b5a4c-b73a-4fb1-939c-64e56847ca13}</UniqueIdentifier>
    </Filter>
    <Filter Include="Source Files\Exceptions\DX_ERR">
      <UniqueIdentifier>{092968a0-7331-44d2-baaf-077266537fa4}</UniqueIdentifier>
    </Filter>
  </ItemGroup>
  <ItemGroup>
    <ClInclude Include="ShroomArcaneGraphics.h">
      <Filter>Header Files</Filter>
    </ClInclude>
    <ClInclude Include="ShroomArcaneWin.h">
      <Filter>Header Files</Filter>
    </ClInclude>
    <ClInclude Include="ShroomArcane3D.h">
      <Filter>Header Files</Filter>
    </ClInclude>
    <ClInclude Include="Color.h">
      <Filter>Header Files\Components\Structs</Filter>
    </ClInclude>
    <ClInclude Include="Components.h">
      <Filter>Header Files\Components</Filter>
    </ClInclude>
    <ClInclude Include="ShroomArcaneException.h">
      <Filter>Header Files\Exceptions</Filter>
    </ClInclude>
    <ClInclude Include="dxerr.h">
      <Filter>Header Files\Exceptions\DX_ERR</Filter>
    </ClInclude>
    <ClInclude Include="DxgiInfoManager.h">
      <Filter>Header Files\Exceptions\DX_ERR</Filter>
    </ClInclude>
  </ItemGroup>
  <ItemGroup>
    <ClCompile Include="ShroomArcaneException.cpp">
      <Filter>Source Files\Exceptions</Filter>
    </ClCompile>
    <ClCompile Include="ShroomArcaneGraphics.cpp">
      <Filter>Source Files\Graphics</Filter>
    </ClCompile>
    <ClCompile Include="ShroomArcaneGraphicsExceptions.cpp">
      <Filter>Source Files\Exceptions</Filter>
    </ClCompile>
    <ClCompile Include="dxerr.cpp">
      <Filter>Source Files\Exceptions\DX_ERR</Filter>
    </ClCompile>
    <ClCompile Include="DxgiInfoManager.cpp">
      <Filter>Source Files\dxerr</Filter>
    </ClCompile>
  </ItemGroup>
  <ItemGroup>
    <None Include="DXGetErrorDescription.inl">
      <Filter>Header Files\Exceptions\DX_ERR</Filter>
    </None>
    <None Include="DXGetErrorString.inl">
      <Filter>Header Files\Exceptions\DX_ERR</Filter>
    </None>
    <None Include="DXTrace.inl">
      <Filter>Header Files\Exceptions\DX_ERR</Filter>
    </None>
  </ItemGroup>
</Project>