<?xml version="1.0" encoding="utf-8"?>
<Project ToolsVersion="4.0" xmlns="http://schemas.microsoft.com/developer/msbuild/2003">
  <ItemGroup>
    <Filter Include="Source Files">
      <UniqueIdentifier>{4FC737F1-C7A5-4376-A066-2A32D752A2FF}</UniqueIdentifier>
      <Extensions>cpp;c;cc;cxx;def;odl;idl;hpj;bat;asm;asmx</Extensions>
    </Filter>
    <Filter Include="Header Files">
      <UniqueIdentifier>{93995380-89BD-4b04-88EB-625FBE52EBFB}</UniqueIdentifier>
      <Extensions>h;hh;hpp;hxx;hm;inl;inc;ipp;xsd</Extensions>
    </Filter>
    <Filter Include="Resource Files">
      <UniqueIdentifier>{67DA6AB6-F800-4c08-8B7A-83BB121AAD01}</UniqueIdentifier>
      <Extensions>rc;ico;cur;bmp;dlg;rc2;rct;bin;rgs;gif;jpg;jpeg;jpe;resx;tiff;tif;png;wav;mfcribbon-ms</Extensions>
    </Filter>
    <Filter Include="Header Files\Components">
      <UniqueIdentifier>{058dde43-825c-4c9d-98ec-123f9a9394a9}</UniqueIdentifier>
    </Filter>
    <Filter Include="Header Files\Components\Structs">
      <UniqueIdentifier>{6e33f3ad-90c4-45ee-9948-082bcbdb1f1e}</UniqueIdentifier>
    </Filter>
    <Filter Include="Header Files\Exceptions">
      <UniqueIdentifier>{1efcc3c5-5d51-47d7-a67b-5314dd96ef86}</UniqueIdentifier>
    </Filter>
    <Filter Include="Source Files\Exceptions">
      <UniqueIdentifier>{39116f68-4b1f-4445-ab85-bac79606598d}</UniqueIdentifier>
    </Filter>
    <Filter Include="Source Files\Graphics">
      <UniqueIdentifier>{3fc6e051-49b3-427b-adb5-fe5c184856f3}</UniqueIdentifier>
    </Filter>
    <Filter Include="Header Files\Exceptions\DX_ERR">
      <UniqueIdentifier>{538b5a4c-b73a-4fb1-939c-64e56847ca13}</UniqueIdentifier>
    </Filter>
    <Filter Include="Source Files\Exceptions\DX_ERR">
      <UniqueIdentifier>{092968a0-7331-44d2-baaf-077266537fa4}</UniqueIdentifier>
    </Filter>
    <Filter Include="Shaders">
      <UniqueIdentifier>{fda3ddf2-b047-4db2-814b-a01524f106f0}</UniqueIdentifier>
    </Filter>
    <Filter Include="Header Files\Bindable">
      <UniqueIdentifier>{c5bd73fd-9909-48bf-8c9b-71aeb88c548c}</UniqueIdentifier>
    </Filter>
    <Filter Include="Header Files\Graphics">
      <UniqueIdentifier>{38572f45-33cf-4de3-9129-0541e7ed7fdb}</UniqueIdentifier>
    </Filter>
    <Filter Include="Source Files\Graphics\Bindable">
      <UniqueIdentifier>{0467859c-bccf-4fc1-964a-65e939bfa22c}</UniqueIdentifier>
    </Filter>
    <Filter Include="Source Files\Graphics\Bindable\Shaders">
      <UniqueIdentifier>{2de3d21a-2dc4-41fb-8a2b-d83973b80997}</UniqueIdentifier>
    </Filter>
    <Filter Include="Header Files\Drawable">
      <UniqueIdentifier>{ac5eabe6-9b24-49dd-949d-a168d42fc723}</UniqueIdentifier>
    </Filter>
    <Filter Include="Source Files\Graphics\Drawable">
      <UniqueIdentifier>{51b6e473-37c9-484d-830b-ee55b0ce2b6a}</UniqueIdentifier>
    </Filter>
    <Filter Include="Header Files\Graphics\Surface">
      <UniqueIdentifier>{606c3250-0a24-4026-b87f-3593067a07b7}</UniqueIdentifier>
    </Filter>
    <Filter Include="Source Files\Graphics\Surface">
      <UniqueIdentifier>{04cedd15-6793-41aa-9ff0-c0d8a824d3f2}</UniqueIdentifier>
    </Filter>
    <Filter Include="Header Files\Graphics\Surface\GDI">
      <UniqueIdentifier>{e0d3cb37-d647-49ef-b975-719b4ba88d14}</UniqueIdentifier>
    </Filter>
    <Filter Include="Source Files\Graphics\Surface\GDI">
      <UniqueIdentifier>{3713e650-2f84-4b57-b9bb-9ab79aa61cb3}</UniqueIdentifier>
    </Filter>
    <Filter Include="Header Files\Bindable\Shaders">
      <UniqueIdentifier>{688bc3d9-3a92-41da-b452-d10c3d49cdfd}</UniqueIdentifier>
    </Filter>
    <Filter Include="Header Files\Bindable\Cbuffers">
      <UniqueIdentifier>{9156905d-0b80-49ce-8f4c-169989982de3}</UniqueIdentifier>
    </Filter>
    <Filter Include="Header Files\Bindable\Buffers">
      <UniqueIdentifier>{6f848275-4266-41cf-bcc5-5a4f870951ef}</UniqueIdentifier>
    </Filter>
    <Filter Include="Source Files\Graphics\Bindable\Buffers">
      <UniqueIdentifier>{1dcdbb4a-f10b-4544-8016-c92b10b61337}</UniqueIdentifier>
    </Filter>
    <Filter Include="Source Files\Graphics\Bindable\CBuffers">
      <UniqueIdentifier>{7e2936e9-7e87-4b69-bf3b-525db3062e80}</UniqueIdentifier>
    </Filter>
    <Filter Include="Source Files\Graphics\Bindable\Textures">
      <UniqueIdentifier>{89e4df0b-9c34-47c4-b827-0c5de9be5605}</UniqueIdentifier>
    </Filter>
    <Filter Include="Header Files\Drawable\Renderers">
      <UniqueIdentifier>{07f2527b-5dc9-404e-9d76-d0c0082184ec}</UniqueIdentifier>
    </Filter>
    <Filter Include="Source Files\Graphics\Drawable\Renderers">
      <UniqueIdentifier>{a4967103-8115-48a1-907e-822bbc5068a1}</UniqueIdentifier>
    </Filter>
  </ItemGroup>
  <ItemGroup>
    <ClInclude Include="ShroomArcaneWin.h">
      <Filter>Header Files</Filter>
    </ClInclude>
    <ClInclude Include="ShroomArcane3D.h">
      <Filter>Header Files</Filter>
    </ClInclude>
    <ClInclude Include="Color.h">
      <Filter>Header Files\Components\Structs</Filter>
    </ClInclude>
    <ClInclude Include="Components.h">
      <Filter>Header Files\Components</Filter>
    </ClInclude>
    <ClInclude Include="ShroomArcaneException.h">
      <Filter>Header Files\Exceptions</Filter>
    </ClInclude>
    <ClInclude Include="dxerr.h">
      <Filter>Header Files\Exceptions\DX_ERR</Filter>
    </ClInclude>
    <ClInclude Include="DxgiInfoManager.h">
      <Filter>Header Files\Exceptions\DX_ERR</Filter>
    </ClInclude>
    <ClInclude Include="Vertex.h">
      <Filter>Header Files\Components\Structs</Filter>
    </ClInclude>
    <ClInclude Include="Float2.h">
      <Filter>Header Files\Components\Structs</Filter>
    </ClInclude>
    <ClInclude Include="Float3.h">
      <Filter>Header Files\Components\Structs</Filter>
    </ClInclude>
    <ClInclude Include="Float4.h">
      <Filter>Header Files\Components\Structs</Filter>
    </ClInclude>
    <ClInclude Include="Vectors.h">
      <Filter>Header Files\Components</Filter>
    </ClInclude>
    <ClInclude Include="Matrix4x4.h">
      <Filter>Header Files\Components\Structs</Filter>
    </ClInclude>
    <ClInclude Include="ShroomArcaneThrowMacros.h">
      <Filter>Header Files\Exceptions</Filter>
    </ClInclude>
    <ClInclude Include="ShroomArcaneGraphics.h">
      <Filter>Header Files\Graphics</Filter>
    </ClInclude>
    <ClInclude Include="Bindable.h">
      <Filter>Header Files\Bindable</Filter>
    </ClInclude>
    <ClInclude Include="InputLayout.h">
      <Filter>Header Files\Bindable</Filter>
    </ClInclude>
    <ClInclude Include="Topology.h">
      <Filter>Header Files\Bindable</Filter>
    </ClInclude>
    <ClInclude Include="ConstantBuffer.h">
      <Filter>Header Files\Bindable\Cbuffers</Filter>
    </ClInclude>
    <ClInclude Include="TransformCbuf.h">
      <Filter>Header Files\Bindable\Cbuffers</Filter>
    </ClInclude>
    <ClInclude Include="Drawable.h">
      <Filter>Header Files\Drawable</Filter>
    </ClInclude>
    <ClInclude Include="Bindables.h">
      <Filter>Header Files\Bindable</Filter>
    </ClInclude>
    <ClInclude Include="DrawableStatic.h">
      <Filter>Header Files\Drawable</Filter>
    </ClInclude>
    <ClInclude Include="IndexedTriangleList.h">
      <Filter>Header Files\Graphics</Filter>
    </ClInclude>
    <ClInclude Include="ShroomArcaneMath.h">
      <Filter>Header Files</Filter>
    </ClInclude>
    <ClInclude Include="Surface.h">
      <Filter>Header Files\Graphics\Surface</Filter>
    </ClInclude>
    <ClInclude Include="GDIPlusManager.h">
      <Filter>Header Files\Graphics\Surface\GDI</Filter>
    </ClInclude>
    <ClInclude Include="Texture.h">
      <Filter>Header Files\Bindable</Filter>
    </ClInclude>
    <ClInclude Include="VertexShader.h">
      <Filter>Header Files\Bindable\Shaders</Filter>
    </ClInclude>
    <ClInclude Include="PixelShader.h">
      <Filter>Header Files\Bindable\Shaders</Filter>
    </ClInclude>
    <ClInclude Include="Shader.h">
      <Filter>Header Files\Bindable\Shaders</Filter>
    </ClInclude>
    <ClInclude Include="VertexBuffer.h">
      <Filter>Header Files\Bindable\Buffers</Filter>
    </ClInclude>
    <ClInclude Include="IndexBuffer.h">
      <Filter>Header Files\Bindable\Buffers</Filter>
    </ClInclude>
    <ClInclude Include="Sampler.h">
      <Filter>Header Files\Bindable</Filter>
    </ClInclude>
    <ClInclude Include="Renderer.h">
      <Filter>Header Files\Drawable\Renderers</Filter>
    </ClInclude>
    <ClInclude Include="TextureRenderer.h">
      <Filter>Header Files\Drawable\Renderers</Filter>
    </ClInclude>
  </ItemGroup>
  <ItemGroup>
    <ClCompile Include="ShroomArcaneException.cpp">
      <Filter>Source Files\Exceptions</Filter>
    </ClCompile>
    <ClCompile Include="ShroomArcaneGraphics.cpp">
      <Filter>Source Files\Graphics</Filter>
    </ClCompile>
    <ClCompile Include="ShroomArcaneGraphicsExceptions.cpp">
      <Filter>Source Files\Exceptions</Filter>
    </ClCompile>
    <ClCompile Include="dxerr.cpp">
      <Filter>Source Files\Exceptions\DX_ERR</Filter>
    </ClCompile>
    <ClCompile Include="DxgiInfoManager.cpp">
      <Filter>Source Files\Exceptions\DX_ERR</Filter>
    </ClCompile>
    <ClCompile Include="Bindable.cpp">
      <Filter>Source Files\Graphics\Bindable</Filter>
    </ClCompile>
    <ClCompile Include="InputLayout.cpp">
      <Filter>Source Files\Graphics\Bindable</Filter>
    </ClCompile>
    <ClCompile Include="PixelShader.cpp">
      <Filter>Source Files\Graphics\Bindable\Shaders</Filter>
    </ClCompile>
    <ClCompile Include="VertexShader.cpp">
      <Filter>Source Files\Graphics\Bindable\Shaders</Filter>
    </ClCompile>
    <ClCompile Include="Topology.cpp">
      <Filter>Source Files\Graphics\Bindable</Filter>
    </ClCompile>
    <ClCompile Include="Drawable.cpp">
      <Filter>Source Files\Graphics\Drawable</Filter>
    </ClCompile>
    <ClCompile Include="Surface.cpp">
      <Filter>Source Files\Graphics\Surface</Filter>
    </ClCompile>
    <ClCompile Include="ShroomArcaneSurfaceException.cpp">
      <Filter>Source Files\Exceptions</Filter>
    </ClCompile>
    <ClCompile Include="GDIPlusManager.cpp">
      <Filter>Source Files\Graphics\Surface\GDI</Filter>
    </ClCompile>
    <ClCompile Include="VertexBuffer.cpp">
      <Filter>Source Files\Graphics\Bindable\Buffers</Filter>
    </ClCompile>
    <ClCompile Include="IndexBuffer.cpp">
      <Filter>Source Files\Graphics\Bindable\Buffers</Filter>
    </ClCompile>
    <ClCompile Include="TransformCbuf.cpp">
      <Filter>Source Files\Graphics\Bindable\CBuffers</Filter>
    </ClCompile>
    <ClCompile Include="Texture.cpp">
      <Filter>Source Files\Graphics\Bindable\Textures</Filter>
    </ClCompile>
    <ClCompile Include="Sampler.cpp">
      <Filter>Source Files\Graphics\Bindable\Textures</Filter>
    </ClCompile>
    <ClCompile Include="Renderer.cpp">
      <Filter>Source Files\Graphics\Drawable\Renderers</Filter>
    </ClCompile>
    <ClCompile Include="TextureRenderer.cpp">
      <Filter>Source Files\Graphics\Drawable\Renderers</Filter>
    </ClCompile>
  </ItemGroup>
  <ItemGroup>
    <None Include="DXGetErrorDescription.inl">
      <Filter>Header Files\Exceptions\DX_ERR</Filter>
    </None>
    <None Include="DXGetErrorString.inl">
      <Filter>Header Files\Exceptions\DX_ERR</Filter>
    </None>
    <None Include="DXTrace.inl">
      <Filter>Header Files\Exceptions\DX_ERR</Filter>
    </None>
  </ItemGroup>
  <ItemGroup>
    <Image Include="..\..\..\..\Downloads\test.png">
      <Filter>Resource Files</Filter>
    </Image>
  </ItemGroup>
</Project>