<?xml version="1.0" encoding="utf-8"?>
<Project ToolsVersion="4.0" xmlns="http://schemas.microsoft.com/developer/msbuild/2003">
  <ItemGroup>
    <Filter Include="Header Files">
      <UniqueIdentifier>{93995380-89BD-4b04-88EB-625FBE52EBFB}</UniqueIdentifier>
      <Extensions>h;hh;hpp;hxx;hm;inl;inc;ipp;xsd</Extensions>
    </Filter>
    <Filter Include="Resource Files">
      <UniqueIdentifier>{67DA6AB6-F800-4c08-8B7A-83BB121AAD01}</UniqueIdentifier>
      <Extensions>rc;ico;cur;bmp;dlg;rc2;rct;bin;rgs;gif;jpg;jpeg;jpe;resx;tiff;tif;png;wav;mfcribbon-ms</Extensions>
    </Filter>
    <Filter Include="Header Files\App">
      <UniqueIdentifier>{9e358b82-bdd5-4d06-b0dd-4a0c6a485398}</UniqueIdentifier>
    </Filter>
    <Filter Include="Header Files\App\Input">
      <UniqueIdentifier>{5ab7d4fa-8ac8-41b8-87d6-0c77bf570371}</UniqueIdentifier>
    </Filter>
    <Filter Include="Header Files\App\Components">
      <UniqueIdentifier>{bc433417-1f02-46f4-9e9b-f7dbef2bb0e0}</UniqueIdentifier>
    </Filter>
    <Filter Include="Header Files\App\Exceptions">
      <UniqueIdentifier>{322286de-f74c-4215-b958-2a299bf9a098}</UniqueIdentifier>
    </Filter>
    <Filter Include="Header Files\App\Window">
      <UniqueIdentifier>{4551098f-b797-4054-9add-9946e7b5a159}</UniqueIdentifier>
    </Filter>
    <Filter Include="Resource Files\Source Files">
      <UniqueIdentifier>{4FC737F1-C7A5-4376-A066-2A32D752A2FF}</UniqueIdentifier>
      <Extensions>cpp;c;cc;cxx;def;odl;idl;hpj;bat;asm;asmx</Extensions>
    </Filter>
    <Filter Include="Resource Files\Source Files\App">
      <UniqueIdentifier>{22b7d1c9-d4df-462d-b96b-b5de432b9e10}</UniqueIdentifier>
    </Filter>
    <Filter Include="Resource Files\Source Files\App\Input">
      <UniqueIdentifier>{9ed01928-6c04-4daa-ae09-52266185aadd}</UniqueIdentifier>
    </Filter>
    <Filter Include="Resource Files\Source Files\App\Exceptions">
      <UniqueIdentifier>{98e9ea4d-2a58-44db-981c-0d0901e3cca9}</UniqueIdentifier>
    </Filter>
    <Filter Include="Resource Files\Source Files\App\Window">
      <UniqueIdentifier>{d44fb724-c475-4ec4-a359-d53ede3b6f4a}</UniqueIdentifier>
    </Filter>
    <Filter Include="Resource Files\Source Files\App\Exceptions\Base">
      <UniqueIdentifier>{78eb9373-1034-438a-afdb-7395881e5d65}</UniqueIdentifier>
    </Filter>
    <Filter Include="Resource Files\Source Files\App\Utility">
      <UniqueIdentifier>{32216d39-49b6-4b21-b607-e55b0fd1e5f7}</UniqueIdentifier>
    </Filter>
    <Filter Include="Header Files\App\Utility">
      <UniqueIdentifier>{d4148b9a-87b6-4ba6-9ebb-2a8b9e51b6b2}</UniqueIdentifier>
    </Filter>
    <Filter Include="Resource Files\Source Files\App\Imgui">
      <UniqueIdentifier>{b708d591-04f6-4fbd-a154-85668c065480}</UniqueIdentifier>
    </Filter>
    <Filter Include="Header Files\App\Imgui">
      <UniqueIdentifier>{7635b5d1-a156-45fb-847f-64d6bff7d254}</UniqueIdentifier>
    </Filter>
    <Filter Include="Resource Files\Source Files\App\Imgui\Main">
      <UniqueIdentifier>{e14c5411-fa19-4ec4-b7a2-ec573909c307}</UniqueIdentifier>
    </Filter>
    <Filter Include="Header Files\App\Imgui\Main">
      <UniqueIdentifier>{b36fa1a4-fea0-419c-9716-0aeeb9f926a3}</UniqueIdentifier>
    </Filter>
    <Filter Include="Header Files\App\Imgui\Analytics">
      <UniqueIdentifier>{4f2f0607-00fa-45b1-9765-b2a1972814f7}</UniqueIdentifier>
    </Filter>
    <Filter Include="Resource Files\Source Files\App\Imgui\Analytics">
      <UniqueIdentifier>{8ec2a00c-2f3c-4c40-82bb-fd9e68d14ac6}</UniqueIdentifier>
    </Filter>
    <Filter Include="Header Files\App\Imgui\Controls">
      <UniqueIdentifier>{17beabd3-1b6f-44ea-b47c-41ba1deb1127}</UniqueIdentifier>
    </Filter>
    <Filter Include="Header Files\App\Imgui\SECS">
      <UniqueIdentifier>{6f4be382-d88e-4495-912b-d953e9d5c210}</UniqueIdentifier>
    </Filter>
    <Filter Include="Resource Files\Source Files\App\Imgui\SECS">
      <UniqueIdentifier>{9883a332-6c02-4dfa-bd2f-d404769a1cc8}</UniqueIdentifier>
    </Filter>
    <Filter Include="Resource Files\Source Files\App\Imgui\Analytics\Controls">
      <UniqueIdentifier>{dca3e75a-1c4f-4ca2-89eb-d9cdd0694113}</UniqueIdentifier>
    </Filter>
    <Filter Include="Header Files\Engine">
      <UniqueIdentifier>{fb361ed1-f18e-4e4f-b69d-f5abfabe0a77}</UniqueIdentifier>
    </Filter>
    <Filter Include="Header Files\Engine\ECS">
      <UniqueIdentifier>{2465104b-e8e4-4e77-962f-518f59c9d6c7}</UniqueIdentifier>
    </Filter>
    <Filter Include="Header Files\Engine\Assets">
      <UniqueIdentifier>{dc887940-38e0-420f-ac85-f555981317ab}</UniqueIdentifier>
    </Filter>
    <Filter Include="Header Files\Engine\Assets\Standard">
      <UniqueIdentifier>{7def070a-a457-4ecb-9782-0391a41de1a6}</UniqueIdentifier>
    </Filter>
    <Filter Include="Header Files\Engine\Assets\Standard\Components">
      <UniqueIdentifier>{859edcf1-1bd9-4859-b18e-e6eb4e1508a5}</UniqueIdentifier>
    </Filter>
    <Filter Include="Header Files\Engine\Assets\Standard\Primitives">
      <UniqueIdentifier>{de911391-b40c-40b9-8919-8b939e7d4a02}</UniqueIdentifier>
    </Filter>
    <Filter Include="Header Files\Engine\Assets\Standard\Renderers">
      <UniqueIdentifier>{fdea70db-85db-4065-9bf8-955b49bd4915}</UniqueIdentifier>
    </Filter>
    <Filter Include="Resource Files\Source Files\Engine">
      <UniqueIdentifier>{bfcd3a15-0f1e-49df-a53c-a2e28362fe89}</UniqueIdentifier>
    </Filter>
    <Filter Include="Resource Files\Source Files\Engine\Assets">
      <UniqueIdentifier>{474558f0-f7f3-4caf-8557-9622111a06c1}</UniqueIdentifier>
    </Filter>
    <Filter Include="Resource Files\Source Files\Engine\Assets\Standard">
      <UniqueIdentifier>{f7bc8099-b693-46bf-ac3c-e06787c5b9d9}</UniqueIdentifier>
    </Filter>
    <Filter Include="Resource Files\Source Files\Engine\Assets\Standard\Images">
      <UniqueIdentifier>{ed0e5df2-138e-4467-8712-52d8dea39d3f}</UniqueIdentifier>
    </Filter>
    <Filter Include="Resource Files\Source Files\Engine\Assets\Standard\Primitives">
      <UniqueIdentifier>{8646fa3d-c1b6-4799-801b-7805fdd50c9e}</UniqueIdentifier>
    </Filter>
    <Filter Include="Resource Files\Source Files\Engine\Assets\Standard\Renderers">
      <UniqueIdentifier>{ad523b5d-a8c8-4cf4-9639-4df5d8bee343}</UniqueIdentifier>
    </Filter>
    <Filter Include="Resource Files\Source Files\Engine\Assets\Standard\Shaders">
      <UniqueIdentifier>{1b095739-e724-43fe-af07-dc60aa986b9d}</UniqueIdentifier>
    </Filter>
    <Filter Include="Resource Files\Source Files\Engine\Assets\Standard\Shaders\Pixel">
      <UniqueIdentifier>{18e79ac9-eb23-4833-b2ba-fc7b9482b276}</UniqueIdentifier>
    </Filter>
    <Filter Include="Resource Files\Source Files\Engine\Assets\Standard\Shaders\Vertex">
      <UniqueIdentifier>{c1cf4dbb-c75d-470a-90b7-c53d757393a6}</UniqueIdentifier>
    </Filter>
    <Filter Include="Header Files\Engine\Scripting">
      <UniqueIdentifier>{ec2ef5c4-d5db-42de-9b07-5bb60545605c}</UniqueIdentifier>
    </Filter>
    <Filter Include="Resource Files\Source Files\Engine\Scripting">
      <UniqueIdentifier>{9085c335-3899-40e9-bdb1-1f9b670e491a}</UniqueIdentifier>
    </Filter>
    <Filter Include="Resource Files\Source Files\Engine\Scripting\Lua">
      <UniqueIdentifier>{1be77e1f-1ddc-43da-8947-7c26b3665f33}</UniqueIdentifier>
    </Filter>
    <Filter Include="Header Files\Engine\Scripting\Lua">
      <UniqueIdentifier>{38003edd-2533-464e-993e-8887742836c0}</UniqueIdentifier>
    </Filter>
    <Filter Include="Header Files\App\Imgui\Icons">
      <UniqueIdentifier>{9596602c-0b01-4644-b610-85282a46120f}</UniqueIdentifier>
    </Filter>
    <Filter Include="Header Files\App\Imgui\Utility">
      <UniqueIdentifier>{aa13a350-0a7b-429b-94f7-c3b17608fb27}</UniqueIdentifier>
    </Filter>
  </ItemGroup>
  <ItemGroup>
    <ClCompile Include="Keyboard.cpp">
      <Filter>Resource Files\Source Files\App\Input</Filter>
    </ClCompile>
    <ClCompile Include="Mouse.cpp">
      <Filter>Resource Files\Source Files\App\Input</Filter>
    </ClCompile>
    <ClCompile Include="ShroomWindowException.cpp">
      <Filter>Resource Files\Source Files\App\Exceptions</Filter>
    </ClCompile>
    <ClCompile Include="App.cpp">
      <Filter>Resource Files\Source Files\App</Filter>
    </ClCompile>
    <ClCompile Include="ShroomWindow.cpp">
      <Filter>Resource Files\Source Files\App\Window</Filter>
    </ClCompile>
    <ClCompile Include="ShroomWindowHandleProcs.cpp">
      <Filter>Resource Files\Source Files\App\Window</Filter>
    </ClCompile>
    <ClCompile Include="ShroomECSException.cpp">
      <Filter>Resource Files\Source Files\App\Exceptions</Filter>
    </ClCompile>
    <ClCompile Include="ShroomException.cpp">
      <Filter>Resource Files\Source Files\App\Exceptions\Base</Filter>
    </ClCompile>
    <ClCompile Include="ShroomExceptionHandler.cpp">
      <Filter>Resource Files\Source Files\App\Exceptions\Base</Filter>
    </ClCompile>
    <ClCompile Include="Renderer.cpp">
      <Filter>Resource Files\Source Files\Engine\Assets\Standard\Renderers</Filter>
    </ClCompile>
    <ClCompile Include="ShroomTimer.cpp">
      <Filter>Resource Files\Source Files\App\Utility</Filter>
    </ClCompile>
    <ClCompile Include="ShroomImguiAnalyticsOverlay.cpp">
      <Filter>Resource Files\Source Files\App\Imgui\Analytics</Filter>
    </ClCompile>
    <ClCompile Include="ShroomImguiMenuBar.cpp">
      <Filter>Resource Files\Source Files\App\Imgui\Main</Filter>
    </ClCompile>
    <ClCompile Include="ShroomImguiCameraControl.cpp">
      <Filter>Resource Files\Source Files\App\Imgui\Analytics\Controls</Filter>
    </ClCompile>
    <ClCompile Include="ShroomImguiSECSHierarchy.cpp">
      <Filter>Resource Files\Source Files\App\Imgui\SECS</Filter>
    </ClCompile>
    <ClCompile Include="ShroomWin.cpp">
      <Filter>Resource Files\Source Files</Filter>
    </ClCompile>
    <ClCompile Include="ShroomImguiAssetView.cpp">
      <Filter>Resource Files\Source Files\App\Imgui\Main</Filter>
    </ClCompile>
    <ClCompile Include="SolidRenderer.cpp">
      <Filter>Resource Files\Source Files\Engine\Assets\Standard\Renderers</Filter>
    </ClCompile>
  </ItemGroup>
  <ItemGroup>
    <ClInclude Include="Keyboard.h">
      <Filter>Header Files\App\Input</Filter>
    </ClInclude>
    <ClInclude Include="Mouse.h">
      <Filter>Header Files\App\Input</Filter>
    </ClInclude>
    <ClInclude Include="ShroomExceptionHandler.h">
      <Filter>Header Files\App\Exceptions</Filter>
    </ClInclude>
    <ClInclude Include="ShroomException.h">
      <Filter>Header Files\App\Exceptions</Filter>
    </ClInclude>
    <ClInclude Include="Input.h">
      <Filter>Header Files\App\Input</Filter>
    </ClInclude>
    <ClInclude Include="App.h">
      <Filter>Header Files\App</Filter>
    </ClInclude>
    <ClInclude Include="ShroomTimer.h">
      <Filter>Header Files\App\Components</Filter>
    </ClInclude>
    <ClInclude Include="ShroomWindow.h">
      <Filter>Header Files\App\Window</Filter>
    </ClInclude>
    <ClInclude Include="ShroomThrowMacros.h">
      <Filter>Header Files\App\Exceptions</Filter>
    </ClInclude>
    <ClInclude Include="Sphere.h">
      <Filter>Header Files\Engine\Assets\Standard\Primitives</Filter>
    </ClInclude>
    <ClInclude Include="Cube.h">
      <Filter>Header Files\Engine\Assets\Standard\Primitives</Filter>
    </ClInclude>
    <ClInclude Include="Cone.h">
      <Filter>Header Files\Engine\Assets\Standard\Primitives</Filter>
    </ClInclude>
    <ClInclude Include="Plane.h">
      <Filter>Header Files\Engine\Assets\Standard\Primitives</Filter>
    </ClInclude>
    <ClInclude Include="Renderer.h">
      <Filter>Header Files\Engine\Assets\Standard\Renderers</Filter>
    </ClInclude>
    <ClInclude Include="MeshRenderer.h">
      <Filter>Header Files\Engine\Assets\Standard\Components</Filter>
    </ClInclude>
    <ClInclude Include="SECS.h">
      <Filter>Header Files\Engine\ECS</Filter>
    </ClInclude>
    <ClInclude Include="ShroomImguiAnalyticsOverlay.h">
      <Filter>Header Files\App\Imgui\Analytics</Filter>
    </ClInclude>
    <ClInclude Include="ShroomImguiViews.h">
      <Filter>Header Files\App\Imgui</Filter>
    </ClInclude>
    <ClInclude Include="ShroomImguiContainer.h">
      <Filter>Header Files\App\Imgui</Filter>
    </ClInclude>
    <ClInclude Include="ShroomImguiView.h">
      <Filter>Header Files\App\Imgui</Filter>
    </ClInclude>
    <ClInclude Include="ShroomImguiMenuBar.h">
      <Filter>Header Files\App\Imgui\Main</Filter>
    </ClInclude>
    <ClInclude Include="ShroomImguiCameraControl.h">
      <Filter>Header Files\App\Imgui\Controls</Filter>
    </ClInclude>
    <ClInclude Include="ShroomImguiSECSHierarchy.h">
      <Filter>Header Files\App\Imgui\SECS</Filter>
    </ClInclude>
    <ClInclude Include="lua.h">
      <Filter>Header Files\Engine\Scripting\Lua</Filter>
    </ClInclude>
    <ClInclude Include="ShroomImguiAssetView.h">
      <Filter>Header Files\App\Imgui\Main</Filter>
    </ClInclude>
    <ClInclude Include="ShroomAssets.h">
      <Filter>Header Files\Engine\Assets</Filter>
    </ClInclude>
    <ClInclude Include="Imgui\IconsFontaudio.h">
      <Filter>Header Files\App\Imgui\Icons</Filter>
    </ClInclude>
    <ClInclude Include="Imgui\IconsFontaudio_c.h">
      <Filter>Header Files\App\Imgui\Icons</Filter>
    </ClInclude>
    <ClInclude Include="Imgui\IconsFontAwesome4.h">
      <Filter>Header Files\App\Imgui\Icons</Filter>
    </ClInclude>
    <ClInclude Include="Imgui\IconsFontAwesome4_c.h">
      <Filter>Header Files\App\Imgui\Icons</Filter>
    </ClInclude>
    <ClInclude Include="Imgui\IconsFontAwesome5.h">
      <Filter>Header Files\App\Imgui\Icons</Filter>
    </ClInclude>
    <ClInclude Include="Imgui\IconsFontAwesome5_c.h">
      <Filter>Header Files\App\Imgui\Icons</Filter>
    </ClInclude>
    <ClInclude Include="Imgui\IconsFontAwesome5Brands.h">
      <Filter>Header Files\App\Imgui\Icons</Filter>
    </ClInclude>
    <ClInclude Include="Imgui\IconsFontAwesome5Brands_c.h">
      <Filter>Header Files\App\Imgui\Icons</Filter>
    </ClInclude>
    <ClInclude Include="Imgui\IconsFontAwesome5Pro.h">
      <Filter>Header Files\App\Imgui\Icons</Filter>
    </ClInclude>
    <ClInclude Include="Imgui\IconsFontAwesome5Pro_c.h">
      <Filter>Header Files\App\Imgui\Icons</Filter>
    </ClInclude>
    <ClInclude Include="Imgui\IconsFontAwesome5ProBrands.h">
      <Filter>Header Files\App\Imgui\Icons</Filter>
    </ClInclude>
    <ClInclude Include="Imgui\IconsFontAwesome5ProBrands_c.h">
      <Filter>Header Files\App\Imgui\Icons</Filter>
    </ClInclude>
    <ClInclude Include="Imgui\IconsForkAwesome.h">
      <Filter>Header Files\App\Imgui\Icons</Filter>
    </ClInclude>
    <ClInclude Include="Imgui\IconsForkAwesome_c.h">
      <Filter>Header Files\App\Imgui\Icons</Filter>
    </ClInclude>
    <ClInclude Include="Imgui\IconsKenney.h">
      <Filter>Header Files\App\Imgui\Icons</Filter>
    </ClInclude>
    <ClInclude Include="Imgui\IconsKenney_c.h">
      <Filter>Header Files\App\Imgui\Icons</Filter>
    </ClInclude>
    <ClInclude Include="Imgui\IconsMaterialDesign.h">
      <Filter>Header Files\App\Imgui\Icons</Filter>
    </ClInclude>
    <ClInclude Include="Imgui\IconsMaterialDesign_c.h">
      <Filter>Header Files\App\Imgui\Icons</Filter>
    </ClInclude>
    <ClInclude Include="ShroomImguiViewUtility.h">
      <Filter>Header Files\App\Imgui\Utility</Filter>
    </ClInclude>
    <ClInclude Include="SolidRenderer.h">
      <Filter>Header Files\Engine\Assets\Standard\Renderers</Filter>
    </ClInclude>
    <ClInclude Include="PointLight.h">
      <Filter>Header Files\Engine\Assets\Standard\Components</Filter>
    </ClInclude>
  </ItemGroup>
  <ItemGroup>
    <Image Include="..\..\..\..\Downloads\icon.ico">
      <Filter>Resource Files</Filter>
    </Image>
    <Image Include="..\..\..\..\Downloads\shroom.ico">
      <Filter>Resource Files</Filter>
    </Image>
    <Image Include="..\..\..\..\Downloads\kisspng_mushroom_cartoon_snacks_5acaa7e9d23ae5_2640844415232306978611_Ovl_icon.ico">
      <Filter>Resource Files</Filter>
    </Image>
  </ItemGroup>
  <ItemGroup>
    <ResourceCompile Include="HW3D.rc">
      <Filter>Resource Files</Filter>
    </ResourceCompile>
  </ItemGroup>
  <ItemGroup>
    <FxCompile Include="PixelShader.hlsl">
      <Filter>Resource Files\Source Files\Engine\Assets\Standard\Shaders\Pixel</Filter>
    </FxCompile>
    <FxCompile Include="TextureVS.hlsl">
      <Filter>Resource Files\Source Files\Engine\Assets\Standard\Shaders\Vertex</Filter>
    </FxCompile>
    <FxCompile Include="VertexVS.hlsl">
      <Filter>Resource Files\Source Files\Engine\Assets\Standard\Shaders\Vertex</Filter>
    </FxCompile>
    <FxCompile Include="SolidVS.hlsl">
      <Filter>Resource Files\Source Files\Engine\Assets\Standard\Shaders\Vertex</Filter>
    </FxCompile>
    <FxCompile Include="SolidPS.hlsl">
      <Filter>Resource Files\Source Files\Engine\Assets\Standard\Shaders\Pixel</Filter>
    </FxCompile>
    <FxCompile Include="TexturePS.hlsl">
      <Filter>Resource Files\Source Files\Engine\Assets\Standard\Shaders\Pixel</Filter>
    </FxCompile>
  </ItemGroup>
  <ItemGroup>
    <Font Include="..\..\..\..\Downloads\fa-solid-900.ttf">
      <Filter>Header Files\App\Imgui\Icons</Filter>
    </Font>
  </ItemGroup>
</Project>